version: v2
locks:
  f/perso/_caldav_common: 1ba0ac1bec797dfec010af60ec1025919395024590f05a462c2a71ad2ee35079
  f/perso/check_decisions: b9ae8d0f3b77642f9e7826493fb3dad9a922acd1ea1f7f4be23acd16dee61f49
  f/perso/create_event: 409de01fd260337e59adb8a356284bdf6af3ba384e666144509dd9a4792db14d
  f/perso/crypto-dca: a4d9dc30d7f8ea952995c5e58bd3404e641361587b0cba356eaac4b90f149233
  f/perso/discord_command_calendar_agent.flow+__flow_hash: f7be9d33ef9a6704a3dd8dc2b2cf10c263e28afdc3af1c4ee429ca99640fb516
  f/perso/discord_command_calendar_agent.flow+get_response.inline_script.deno.ts: ea36613dcda4494db95ff786ced9007ac2855236941d3f070983573eff3699f7
  f/perso/discord_command_calendar_agent.flow+reply.inline_script.deno.ts: 7e78eed5e0ae9534cbc184e6701f9b613967d2f19e5a3168cb37104b79b849ee
  f/perso/discord_command_calendar_agent.flow+verify_token.inline_script.deno.ts: 4f4815ee20a55abca3f9724324510c585aae0dc7a95970cb6dae2a6f856ff689
  f/perso/fetch_new_emails.flow+__flow_hash: 7bb136130509cc2a965c3519553c286fa961ae5290954389a031cf203527000b
  f/perso/fetch_new_emails.flow+fetch_new_emails_from_mailbox.inline_script.py: 3289ae80fae43f0a77dfc48cdfbc3eca9d31fb4ff066a7eeecfbaa98e32c9852
  f/perso/get_event_by_uid: f1e8cb81077d1577207896a742e2f27b9634e3234db947e99d6670b87a2a9819
  f/perso/process_newsletters.flow+__flow_hash: ef14f040381abb54d1f6ac400ef75f69cd32e4d0f257e0e8b8e7dcce7f219003
  f/perso/process_newsletters.flow+compute_embeddings_and_store_in_supabase.inline_script.py: afbc015467f380363cccd7e32cf9cd69c1e81feb8ec3449f328333d1c6704d05
  f/perso/search_events_in_range: e445427cc831d4218a05e454a31c5032748eb398c432908e30fa2339775540f6
  u/alex/check_spliiit: 502d918c1bad620c289aec3022966c15aae96db397434d30db048237724ca356
  u/alex/create_task_for_releve_once_a_month.flow+__flow_hash: 689a952e292f39dc3fff9b13367cec8c8bd1acdaf39c9dbc0d5e02da729ecbc7
  u/alex/create_task_for_releve_once_a_month.flow+inline_script_0.inline_script.py: 68a59408d311ba8a7e60ee439c7a50e754492f7dc080d233b54a7035c21130a9
  u/alex/get_releve: 25e7c053240d89c546bf7b139f11338399266709f2941675cec1f7f35e8c864c
